
Microsoft Visual Studio Solution File, Format Version 12.00
# Visual Studio Version 17
VisualStudioVersion = 17.14.36616.10 d17.14
MinimumVisualStudioVersion = 10.0.40219.1
Project("{FAE04EC0-301F-11D3-BF4B-00C04F79EFBC}") = "Cleverence", "Cleverence\Cleverence.csproj", "{96AB55E6-F368-4BDE-8B76-DA73ED130966}"
EndProject
Global
	GlobalSection(SolutionConfigurationPlatforms) = preSolution
		Debug|Any CPU = Debug|Any CPU
		Release|Any CPU = Release|Any CPU
	EndGlobalSection
	GlobalSection(ProjectConfigurationPlatforms) = postSolution
		{96AB55E6-F368-4BDE-8B76-DA73ED130966}.Debug|Any CPU.ActiveCfg = Debug|Any CPU
		{96AB55E6-F368-4BDE-8B76-DA73ED130966}.Debug|Any CPU.Build.0 = Debug|Any CPU
		{96AB55E6-F368-4BDE-8B76-DA73ED130966}.Release|Any CPU.ActiveCfg = Release|Any CPU
		{96AB55E6-F368-4BDE-8B76-DA73ED130966}.Release|Any CPU.Build.0 = Release|Any CPU
	EndGlobalSection
	GlobalSection(SolutionProperties) = preSolution
		HideSolutionNode = FALSE
	EndGlobalSection
	GlobalSection(ExtensibilityGlobals) = postSolution
		SolutionGuid = {0AADF806-6D4F-4FBD-AFAF-6C5D895F6918}
	EndGlobalSection
EndGlobal
